{
  "name": "fbx-importer",
  "version": "1.0.0",
  "lockfileVersion": 2,
  "requires": true,
  "packages": {
    "": {
      "version": "1.0.0",
      "license": "MIT",
      "dependencies": {
        "@types/pako": "^1.0.1",
        "gl-matrix": "^3.3.0",
        "pako": "^2.0.3",
        "zogra-engine": "file://../zogra-engine"
      }
    },
    "../zogra-engine": {
      "version": "1.2.0",
      "license": "MIT",
      "dependencies": {
        "zogra-renderer": "file:///../zogra-renderer"
      },
      "devDependencies": {
        "esbuild": "^0.9.6",
        "typescript": "^4.1.5"
      }
    },
    "node_modules/@types/pako": {
      "version": "1.0.1",
      "resolved": "https://registry.npmjs.org/@types/pako/-/pako-1.0.1.tgz",
      "integrity": "sha512-GdZbRSJ3Cv5fiwT6I0SQ3ckeN2PWNqxd26W9Z2fCK1tGrrasGy4puvNFtnddqH9UJFMQYXxEuuB7B8UK+LLwSg=="
    },
    "node_modules/gl-matrix": {
      "version": "3.3.0",
      "resolved": "https://registry.npmjs.org/gl-matrix/-/gl-matrix-3.3.0.tgz",
      "integrity": "sha512-COb7LDz+SXaHtl/h4LeaFcNdJdAQSDeVqjiIihSXNrkWObZLhDI4hIkZC11Aeqp7bcE72clzB0BnDXr2SmslRA=="
    },
    "node_modules/pako": {
      "version": "2.0.3",
      "resolved": "https://registry.npmjs.org/pako/-/pako-2.0.3.tgz",
      "integrity": "sha512-WjR1hOeg+kki3ZIOjaf4b5WVcay1jaliKSYiEaB1XzwhMQZJxRdQRv0V31EKBYlxb4T7SK3hjfc/jxyU64BoSw=="
    },
    "node_modules/zogra-engine": {
      "resolved": "../zogra-engine",
      "link": true
    }
  },
  "dependencies": {
    "@types/pako": {
      "version": "1.0.1",
      "resolved": "https://registry.npmjs.org/@types/pako/-/pako-1.0.1.tgz",
      "integrity": "sha512-GdZbRSJ3Cv5fiwT6I0SQ3ckeN2PWNqxd26W9Z2fCK1tGrrasGy4puvNFtnddqH9UJFMQYXxEuuB7B8UK+LLwSg=="
    },
    "gl-matrix": {
      "version": "3.3.0",
      "resolved": "https://registry.npmjs.org/gl-matrix/-/gl-matrix-3.3.0.tgz",
      "integrity": "sha512-COb7LDz+SXaHtl/h4LeaFcNdJdAQSDeVqjiIihSXNrkWObZLhDI4hIkZC11Aeqp7bcE72clzB0BnDXr2SmslRA=="
    },
    "pako": {
      "version": "2.0.3",
      "resolved": "https://registry.npmjs.org/pako/-/pako-2.0.3.tgz",
      "integrity": "sha512-WjR1hOeg+kki3ZIOjaf4b5WVcay1jaliKSYiEaB1XzwhMQZJxRdQRv0V31EKBYlxb4T7SK3hjfc/jxyU64BoSw=="
    },
    "zogra-engine": {
      "version": "file:../zogra-engine",
      "requires": {
        "esbuild": "^0.9.6",
        "typescript": "^4.1.5",
        "zogra-renderer": "file:../../../../zogra-renderer"
      }
    }
  }
}
