{
  "name": "zogra-physics",
  "version": "0.1.0",
  "lockfileVersion": 2,
  "requires": true,
  "packages": {
    "": {
      "name": "zogra-physics",
      "version": "0.1.0",
      "license": "MIT",
      "dependencies": {
        "zogra-renderer": "file:../zogra-renderer"
      },
      "devDependencies": {
        "typescript": "^4.5.4"
      }
    },
    "../../../../zogra-renderer": {
      "extraneous": true
    },
    "../zogra-renderer": {
      "version": "1.3.3",
      "license": "MIT",
      "dependencies": {
        "gl-matrix": "^3.3.0",
        "reflect-metadata": "^0.1.13"
      },
      "devDependencies": {
        "esbuild": "^0.9.6",
        "typescript": "^4.1.5"
      }
    },
    "node_modules/typescript": {
      "version": "4.5.4",
      "resolved": "https://registry.npmjs.org/typescript/-/typescript-4.5.4.tgz",
      "integrity": "sha512-VgYs2A2QIRuGphtzFV7aQJduJ2gyfTljngLzjpfW9FoYZF6xuw1W0vW9ghCKLfcWrCFxK81CSGRAvS1pn4fIUg==",
      "dev": true,
      "bin": {
        "tsc": "bin/tsc",
        "tsserver": "bin/tsserver"
      },
      "engines": {
        "node": ">=4.2.0"
      }
    },
    "node_modules/zogra-renderer": {
      "resolved": "../zogra-renderer",
      "link": true
    }
  },
  "dependencies": {
    "typescript": {
      "version": "4.5.4",
      "resolved": "https://registry.npmjs.org/typescript/-/typescript-4.5.4.tgz",
      "integrity": "sha512-VgYs2A2QIRuGphtzFV7aQJduJ2gyfTljngLzjpfW9FoYZF6xuw1W0vW9ghCKLfcWrCFxK81CSGRAvS1pn4fIUg==",
      "dev": true
    },
    "zogra-renderer": {
      "version": "file:../zogra-renderer",
      "requires": {
        "esbuild": "^0.9.6",
        "gl-matrix": "^3.3.0",
        "reflect-metadata": "^0.1.13",
        "typescript": "^4.1.5"
      }
    }
  }
}
